
Microsoft Visual Studio Solution File, Format Version 12.00
# Visual Studio 2015
Project("{FAE04EC0-301F-11D3-BF4B-00C04F79EFBC}") = "TrainingforKids - xObjects.CSharp.Plugins", "TrainingforKids - xObjects.CSharp.Plugins.csproj", "{BF60C763-11F3-A258-4816-8BE237478F76}"
EndProject
Project("{FAE04EC0-301F-11D3-BF4B-00C04F79EFBC}") = "TrainingforKids - xObjects.CSharp", "TrainingforKids - xObjects.CSharp.csproj", "{A9E17CE4-B86B-9AD9-81A1-865E0646ED15}"
EndProject
Global
	GlobalSection(SolutionConfigurationPlatforms) = preSolution
		Debug|Any CPU = Debug|Any CPU
		Release|Any CPU = Release|Any CPU
	EndGlobalSection
	GlobalSection(ProjectConfigurationPlatforms) = postSolution
		{BF60C763-11F3-A258-4816-8BE237478F76}.Debug|Any CPU.ActiveCfg = Debug|Any CPU
		{BF60C763-11F3-A258-4816-8BE237478F76}.Debug|Any CPU.Build.0 = Debug|Any CPU
		{BF60C763-11F3-A258-4816-8BE237478F76}.Release|Any CPU.ActiveCfg = Release|Any CPU
		{BF60C763-11F3-A258-4816-8BE237478F76}.Release|Any CPU.Build.0 = Release|Any CPU
		{A9E17CE4-B86B-9AD9-81A1-865E0646ED15}.Debug|Any CPU.ActiveCfg = Debug|Any CPU
		{A9E17CE4-B86B-9AD9-81A1-865E0646ED15}.Debug|Any CPU.Build.0 = Debug|Any CPU
		{A9E17CE4-B86B-9AD9-81A1-865E0646ED15}.Release|Any CPU.ActiveCfg = Release|Any CPU
		{A9E17CE4-B86B-9AD9-81A1-865E0646ED15}.Release|Any CPU.Build.0 = Release|Any CPU
	EndGlobalSection
	GlobalSection(SolutionProperties) = preSolution
		HideSolutionNode = FALSE
	EndGlobalSection
EndGlobal
